<Solution>
  <Folder Name="/Solution Items/">
    <File Path="../.gitignore" />
  </Folder>
  <Project Path="../Ticketa.API/Ticketa.API.csproj" Id="06086b04-54db-4cc7-8ef4-67231679352b" />
  <Project Path="../Ticketa.Core/Ticketa.Core.csproj" />
  <Project Path="../Ticketa.Infrastructure/Ticketa.Infrastructure.csproj" />
  <Project Path="../Ticketa.Web/Ticketa.Web.csproj" />
</Solution>
